
Microsoft Visual Studio Solution File, Format Version 12.00
# Visual Studio Version 17
VisualStudioVersion = 17.10.35027.167
MinimumVisualStudioVersion = 10.0.40219.1
Project("{FAE04EC0-301F-11D3-BF4B-00C04F79EFBC}") = "Quan_li_dat_ban", "Quan_li_dat_ban.csproj", "{F33B1809-A544-42A2-8E9B-6DADA70A907D}"
EndProject
Global
	GlobalSection(SolutionConfigurationPlatforms) = preSolution
		Debug|Any CPU = Debug|Any CPU
		Release|Any CPU = Release|Any CPU
	EndGlobalSection
	GlobalSection(ProjectConfigurationPlatforms) = postSolution
		{F33B1809-A544-42A2-8E9B-6DADA70A907D}.Debug|Any CPU.ActiveCfg = Debug|Any CPU
		{F33B1809-A544-42A2-8E9B-6DADA70A907D}.Debug|Any CPU.Build.0 = Debug|Any CPU
		{F33B1809-A544-42A2-8E9B-6DADA70A907D}.Release|Any CPU.ActiveCfg = Release|Any CPU
		{F33B1809-A544-42A2-8E9B-6DADA70A907D}.Release|Any CPU.Build.0 = Release|Any CPU
	EndGlobalSection
	GlobalSection(SolutionProperties) = preSolution
		HideSolutionNode = FALSE
	EndGlobalSection
	GlobalSection(ExtensibilityGlobals) = postSolution
		SolutionGuid = {85FA9E34-823E-408D-87E4-0FD6DEB9F124}
	EndGlobalSection
EndGlobal
